
Microsoft Visual Studio Solution File, Format Version 12.00
# Visual Studio 15
VisualStudioVersion = 15.0.28307.271
MinimumVisualStudioVersion = 10.0.40219.1
Project("{9A19103F-16F7-4668-BE54-9A1E7A4F7556}") = "ProAgil.Api", "ProAgil.Api.csproj", "{F780C3D1-EFBB-4268-A47E-EFE3EF3C10BC}"
EndProject
Global
	GlobalSection(SolutionConfigurationPlatforms) = preSolution
		Debug|Any CPU = Debug|Any CPU
		Release|Any CPU = Release|Any CPU
	EndGlobalSection
	GlobalSection(ProjectConfigurationPlatforms) = postSolution
		{F780C3D1-EFBB-4268-A47E-EFE3EF3C10BC}.Debug|Any CPU.ActiveCfg = Debug|Any CPU
		{F780C3D1-EFBB-4268-A47E-EFE3EF3C10BC}.Debug|Any CPU.Build.0 = Debug|Any CPU
		{F780C3D1-EFBB-4268-A47E-EFE3EF3C10BC}.Release|Any CPU.ActiveCfg = Release|Any CPU
		{F780C3D1-EFBB-4268-A47E-EFE3EF3C10BC}.Release|Any CPU.Build.0 = Release|Any CPU
	EndGlobalSection
	GlobalSection(SolutionProperties) = preSolution
		HideSolutionNode = FALSE
	EndGlobalSection
	GlobalSection(ExtensibilityGlobals) = postSolution
		SolutionGuid = {C268FE7B-D676-4713-BDFE-BB6335A4D294}
	EndGlobalSection
EndGlobal
